
Microsoft Visual Studio Solution File, Format Version 12.00
# Visual Studio 15
VisualStudioVersion = 15.0.27130.2027
MinimumVisualStudioVersion = 10.0.40219.1
Project("{2150E333-8FDC-42A3-9474-1A3956D46DE8}") = "Student", "Student", "{F0E634CB-9713-459C-8525-A85FDC1A6BD0}"
EndProject
Project("{2150E333-8FDC-42A3-9474-1A3956D46DE8}") = "Lecturer", "Lecturer", "{BCEA640B-074A-40CA-855F-D211AE3E908E}"
EndProject
Project("{2150E333-8FDC-42A3-9474-1A3956D46DE8}") = "Server", "Server", "{C09D34C3-7684-40CD-93EF-22DA14167010}"
EndProject
Project("{2150E333-8FDC-42A3-9474-1A3956D46DE8}") = "Shared", "Shared", "{EDD456DC-5A16-4D84-BADD-724BC24FBE63}"
EndProject
Project("{FAE04EC0-301F-11D3-BF4B-00C04F79EFBC}") = "DTOs", "Shared\DTOs\DTOs.csproj", "{5EAF5311-EAE8-45B7-9C3A-BE728611976E}"
EndProject
Project("{FAE04EC0-301F-11D3-BF4B-00C04F79EFBC}") = "Connection", "Shared\Connection\Connection.csproj", "{C2E06D2D-998C-486C-9F4C-0BDB6978AD85}"
EndProject
Project("{2150E333-8FDC-42A3-9474-1A3956D46DE8}") = "Views", "Views", "{2C63EDE9-4A7E-4C8D-B9ED-A70167102158}"
EndProject
Project("{2150E333-8FDC-42A3-9474-1A3956D46DE8}") = "Views", "Views", "{7234B97A-F409-419D-8514-7C7016141696}"
EndProject
Project("{FAE04EC0-301F-11D3-BF4B-00C04F79EFBC}") = "NinjaSecurity_Server", "Server\Views\NinjaSecurity_Server\NinjaSecurity_Server.csproj", "{2059A823-6101-425D-BCF6-0AA920180485}"
EndProject
Project("{2150E333-8FDC-42A3-9474-1A3956D46DE8}") = "Views", "Views", "{1D7377C4-4066-4FD0-AA7B-B53CBB1E05C6}"
EndProject
Project("{FAE04EC0-301F-11D3-BF4B-00C04F79EFBC}") = "NinjaSecurity_Student", "Student\Views\NinjaSecurity_Student\NinjaSecurity_Student.csproj", "{4D79F532-A97B-4A55-940A-86A56D46614B}"
EndProject
Project("{FAE04EC0-301F-11D3-BF4B-00C04F79EFBC}") = "NinjaSecurity_Lecturer", "Lecturer\Views\NinjaSecurity_Lecturer\NinjaSecurity_Lecturer.csproj", "{6D7C8602-4D3A-487B-A764-96D21795D727}"
EndProject
Project("{2150E333-8FDC-42A3-9474-1A3956D46DE8}") = "Controllers", "Controllers", "{E32AFCB8-4607-4D89-BCDD-4E79FFCA09B0}"
EndProject
Project("{2150E333-8FDC-42A3-9474-1A3956D46DE8}") = "Controllers", "Controllers", "{45F72E28-A322-453A-8227-47C007A1C8CD}"
EndProject
Project("{2150E333-8FDC-42A3-9474-1A3956D46DE8}") = "Controllers", "Controllers", "{81326643-6EA8-42EB-AE58-2B50864D07AF}"
EndProject
Project("{FAE04EC0-301F-11D3-BF4B-00C04F79EFBC}") = "LecturerControllers", "Lecturer\Controllers\LecturerControllers\LecturerControllers.csproj", "{BFF8CB0C-DD5D-4374-89AE-A09C8E4D61E5}"
EndProject
Project("{FAE04EC0-301F-11D3-BF4B-00C04F79EFBC}") = "ServerControllers", "Server\Controllers\ServerControllers\ServerControllers.csproj", "{318B8F03-78C1-4609-960F-7CFC9709D2EB}"
EndProject
Project("{FAE04EC0-301F-11D3-BF4B-00C04F79EFBC}") = "StudentControllers", "Student\Controllers\StudentControllers\StudentControllers.csproj", "{671C9E4C-BFCE-420C-8575-6CC398578226}"
EndProject
Project("{FAE04EC0-301F-11D3-BF4B-00C04F79EFBC}") = "FileHandler", "Shared\FileHandler\FileHandler.csproj", "{F3AF8143-E7AB-4121-A36F-AFF328D69DD6}"
EndProject
Project("{FAE04EC0-301F-11D3-BF4B-00C04F79EFBC}") = "Common", "Shared\Common\Common.csproj", "{93886E56-D797-42E5-A549-A99A0FCC83C3}"
EndProject
Project("{FAE04EC0-301F-11D3-BF4B-00C04F79EFBC}") = "EventManagement", "Shared\EventManagement\EventManagement.csproj", "{027461E4-66C0-48D4-9C6C-1323AC842BA6}"
EndProject
Global
	GlobalSection(SolutionConfigurationPlatforms) = preSolution
		Debug|Any CPU = Debug|Any CPU
		Release|Any CPU = Release|Any CPU
	EndGlobalSection
	GlobalSection(ProjectConfigurationPlatforms) = postSolution
		{5EAF5311-EAE8-45B7-9C3A-BE728611976E}.Debug|Any CPU.ActiveCfg = Debug|Any CPU
		{5EAF5311-EAE8-45B7-9C3A-BE728611976E}.Debug|Any CPU.Build.0 = Debug|Any CPU
		{5EAF5311-EAE8-45B7-9C3A-BE728611976E}.Release|Any CPU.ActiveCfg = Release|Any CPU
		{5EAF5311-EAE8-45B7-9C3A-BE728611976E}.Release|Any CPU.Build.0 = Release|Any CPU
		{C2E06D2D-998C-486C-9F4C-0BDB6978AD85}.Debug|Any CPU.ActiveCfg = Debug|Any CPU
		{C2E06D2D-998C-486C-9F4C-0BDB6978AD85}.Debug|Any CPU.Build.0 = Debug|Any CPU
		{C2E06D2D-998C-486C-9F4C-0BDB6978AD85}.Release|Any CPU.ActiveCfg = Release|Any CPU
		{C2E06D2D-998C-486C-9F4C-0BDB6978AD85}.Release|Any CPU.Build.0 = Release|Any CPU
		{2059A823-6101-425D-BCF6-0AA920180485}.Debug|Any CPU.ActiveCfg = Debug|Any CPU
		{2059A823-6101-425D-BCF6-0AA920180485}.Debug|Any CPU.Build.0 = Debug|Any CPU
		{2059A823-6101-425D-BCF6-0AA920180485}.Release|Any CPU.ActiveCfg = Release|Any CPU
		{2059A823-6101-425D-BCF6-0AA920180485}.Release|Any CPU.Build.0 = Release|Any CPU
		{4D79F532-A97B-4A55-940A-86A56D46614B}.Debug|Any CPU.ActiveCfg = Debug|Any CPU
		{4D79F532-A97B-4A55-940A-86A56D46614B}.Debug|Any CPU.Build.0 = Debug|Any CPU
		{4D79F532-A97B-4A55-940A-86A56D46614B}.Release|Any CPU.ActiveCfg = Release|Any CPU
		{4D79F532-A97B-4A55-940A-86A56D46614B}.Release|Any CPU.Build.0 = Release|Any CPU
		{6D7C8602-4D3A-487B-A764-96D21795D727}.Debug|Any CPU.ActiveCfg = Debug|Any CPU
		{6D7C8602-4D3A-487B-A764-96D21795D727}.Debug|Any CPU.Build.0 = Debug|Any CPU
		{6D7C8602-4D3A-487B-A764-96D21795D727}.Release|Any CPU.ActiveCfg = Release|Any CPU
		{6D7C8602-4D3A-487B-A764-96D21795D727}.Release|Any CPU.Build.0 = Release|Any CPU
		{BFF8CB0C-DD5D-4374-89AE-A09C8E4D61E5}.Debug|Any CPU.ActiveCfg = Debug|Any CPU
		{BFF8CB0C-DD5D-4374-89AE-A09C8E4D61E5}.Debug|Any CPU.Build.0 = Debug|Any CPU
		{BFF8CB0C-DD5D-4374-89AE-A09C8E4D61E5}.Release|Any CPU.ActiveCfg = Release|Any CPU
		{BFF8CB0C-DD5D-4374-89AE-A09C8E4D61E5}.Release|Any CPU.Build.0 = Release|Any CPU
		{318B8F03-78C1-4609-960F-7CFC9709D2EB}.Debug|Any CPU.ActiveCfg = Debug|Any CPU
		{318B8F03-78C1-4609-960F-7CFC9709D2EB}.Debug|Any CPU.Build.0 = Debug|Any CPU
		{318B8F03-78C1-4609-960F-7CFC9709D2EB}.Release|Any CPU.ActiveCfg = Release|Any CPU
		{318B8F03-78C1-4609-960F-7CFC9709D2EB}.Release|Any CPU.Build.0 = Release|Any CPU
		{671C9E4C-BFCE-420C-8575-6CC398578226}.Debug|Any CPU.ActiveCfg = Debug|Any CPU
		{671C9E4C-BFCE-420C-8575-6CC398578226}.Debug|Any CPU.Build.0 = Debug|Any CPU
		{671C9E4C-BFCE-420C-8575-6CC398578226}.Release|Any CPU.ActiveCfg = Release|Any CPU
		{671C9E4C-BFCE-420C-8575-6CC398578226}.Release|Any CPU.Build.0 = Release|Any CPU
		{F3AF8143-E7AB-4121-A36F-AFF328D69DD6}.Debug|Any CPU.ActiveCfg = Debug|Any CPU
		{F3AF8143-E7AB-4121-A36F-AFF328D69DD6}.Debug|Any CPU.Build.0 = Debug|Any CPU
		{F3AF8143-E7AB-4121-A36F-AFF328D69DD6}.Release|Any CPU.ActiveCfg = Release|Any CPU
		{F3AF8143-E7AB-4121-A36F-AFF328D69DD6}.Release|Any CPU.Build.0 = Release|Any CPU
		{93886E56-D797-42E5-A549-A99A0FCC83C3}.Debug|Any CPU.ActiveCfg = Debug|Any CPU
		{93886E56-D797-42E5-A549-A99A0FCC83C3}.Debug|Any CPU.Build.0 = Debug|Any CPU
		{93886E56-D797-42E5-A549-A99A0FCC83C3}.Release|Any CPU.ActiveCfg = Release|Any CPU
		{93886E56-D797-42E5-A549-A99A0FCC83C3}.Release|Any CPU.Build.0 = Release|Any CPU
		{027461E4-66C0-48D4-9C6C-1323AC842BA6}.Debug|Any CPU.ActiveCfg = Debug|Any CPU
		{027461E4-66C0-48D4-9C6C-1323AC842BA6}.Debug|Any CPU.Build.0 = Debug|Any CPU
		{027461E4-66C0-48D4-9C6C-1323AC842BA6}.Release|Any CPU.ActiveCfg = Release|Any CPU
		{027461E4-66C0-48D4-9C6C-1323AC842BA6}.Release|Any CPU.Build.0 = Release|Any CPU
	EndGlobalSection
	GlobalSection(SolutionProperties) = preSolution
		HideSolutionNode = FALSE
	EndGlobalSection
	GlobalSection(NestedProjects) = preSolution
		{5EAF5311-EAE8-45B7-9C3A-BE728611976E} = {EDD456DC-5A16-4D84-BADD-724BC24FBE63}
		{C2E06D2D-998C-486C-9F4C-0BDB6978AD85} = {EDD456DC-5A16-4D84-BADD-724BC24FBE63}
		{2C63EDE9-4A7E-4C8D-B9ED-A70167102158} = {BCEA640B-074A-40CA-855F-D211AE3E908E}
		{7234B97A-F409-419D-8514-7C7016141696} = {C09D34C3-7684-40CD-93EF-22DA14167010}
		{2059A823-6101-425D-BCF6-0AA920180485} = {7234B97A-F409-419D-8514-7C7016141696}
		{1D7377C4-4066-4FD0-AA7B-B53CBB1E05C6} = {F0E634CB-9713-459C-8525-A85FDC1A6BD0}
		{4D79F532-A97B-4A55-940A-86A56D46614B} = {1D7377C4-4066-4FD0-AA7B-B53CBB1E05C6}
		{6D7C8602-4D3A-487B-A764-96D21795D727} = {2C63EDE9-4A7E-4C8D-B9ED-A70167102158}
		{E32AFCB8-4607-4D89-BCDD-4E79FFCA09B0} = {BCEA640B-074A-40CA-855F-D211AE3E908E}
		{45F72E28-A322-453A-8227-47C007A1C8CD} = {C09D34C3-7684-40CD-93EF-22DA14167010}
		{81326643-6EA8-42EB-AE58-2B50864D07AF} = {F0E634CB-9713-459C-8525-A85FDC1A6BD0}
		{BFF8CB0C-DD5D-4374-89AE-A09C8E4D61E5} = {E32AFCB8-4607-4D89-BCDD-4E79FFCA09B0}
		{318B8F03-78C1-4609-960F-7CFC9709D2EB} = {45F72E28-A322-453A-8227-47C007A1C8CD}
		{671C9E4C-BFCE-420C-8575-6CC398578226} = {81326643-6EA8-42EB-AE58-2B50864D07AF}
		{F3AF8143-E7AB-4121-A36F-AFF328D69DD6} = {EDD456DC-5A16-4D84-BADD-724BC24FBE63}
		{93886E56-D797-42E5-A549-A99A0FCC83C3} = {EDD456DC-5A16-4D84-BADD-724BC24FBE63}
		{027461E4-66C0-48D4-9C6C-1323AC842BA6} = {EDD456DC-5A16-4D84-BADD-724BC24FBE63}
	EndGlobalSection
	GlobalSection(ExtensibilityGlobals) = postSolution
		SolutionGuid = {04258BC2-459D-4B92-BEA6-F6D73E61E709}
	EndGlobalSection
EndGlobal
